{
  "name": "tree-view",
  "version": "1.0.0",
  "lockfileVersion": 1,
  "requires": true,
  "dependencies": {
    "@types/ramda": {
      "version": "0.24.14",
      "resolved": "https://registry.npmjs.org/@types/ramda/-/ramda-0.24.14.tgz",
      "integrity": "sha512-kxdtZ1MiYjwZxGHSFgNxbnYWgv/kfyhB21gLBQwp6jwYyq1Bifk4TQ4C2wKxGEqYxMRAskyetl0BgPxfJfJbCA==",
      "dev": true
    },
    "@types/react": {
      "version": "16.0.7",
      "resolved": "https://registry.npmjs.org/@types/react/-/react-16.0.7.tgz",
      "integrity": "sha512-Vr5XUgjHNraqpS3pl9JiL95kFWomoMW5A0zWz/NNMPRM3ifv82EXjjGPE4gs2hrNE1X8oz31eR4G8PUav413fQ==",
      "dev": true
    },
    "@types/react-dom": {
      "version": "15.5.5",
      "resolved": "https://registry.npmjs.org/@types/react-dom/-/react-dom-15.5.5.tgz",
      "integrity": "sha512-o9mYuvKgPdyzk20DSIqEBUSGVsSb1QnWtOQoPK/ExcF70Qnhr80no4MgbrEw/2pHiZbLKOjV7mWgKYTLq6f04g==",
      "dev": true,
      "requires": {
        "@types/react": "*"
      }
    },
    "@types/react-redux": {
      "version": "5.0.9",
      "resolved": "https://registry.npmjs.org/@types/react-redux/-/react-redux-5.0.9.tgz",
      "integrity": "sha512-at3+d71RHz6NOqmv2a9p82sjkwQl81n8glTk/LTcD/oB2xSFrfH4K2ThZjwuVcP7ZyD1MlPEkNq+Z5CckYJgNw==",
      "dev": true,
      "requires": {
        "@types/react": "*",
        "redux": "^3.6.0"
      }
    },
    "@types/redux": {
      "version": "3.6.0",
      "resolved": "https://registry.npmjs.org/@types/redux/-/redux-3.6.0.tgz",
      "integrity": "sha1-8evh5UEVGAcuT9/KXHbhbnTBOZo=",
      "dev": true,
      "requires": {
        "redux": "*"
      }
    },
    "@types/redux-thunk": {
      "version": "2.1.0",
      "resolved": "https://registry.npmjs.org/@types/redux-thunk/-/redux-thunk-2.1.0.tgz",
      "integrity": "sha1-vCtulylhgxr7gqm/TwZybjUflBY=",
      "dev": true,
      "requires": {
        "redux-thunk": "*"
      }
    },
    "add-dom-event-listener": {
      "version": "1.0.2",
      "resolved": "https://registry.npmjs.org/add-dom-event-listener/-/add-dom-event-listener-1.0.2.tgz",
      "integrity": "sha1-j67SxBAIchzxEdodMNmVuFvkK+0=",
      "dev": true,
      "requires": {
        "object-assign": "4.x"
      }
    },
    "array-find": {
      "version": "1.0.0",
      "resolved": "https://registry.npmjs.org/array-find/-/array-find-1.0.0.tgz",
      "integrity": "sha1-bI4obRHtdoMn+OYuzuhzU8o+eLg=",
      "dev": true
    },
    "asap": {
      "version": "2.0.6",
      "resolved": "https://registry.npmjs.org/asap/-/asap-2.0.6.tgz",
      "integrity": "sha1-5QNHYR1+aQlDIIu9r+vLwvuGbUY=",
      "dev": true
    },
    "axios": {
      "version": "0.18.0",
      "resolved": "https://registry.npmjs.org/axios/-/axios-0.18.0.tgz",
      "integrity": "sha1-MtU+SFHv3AoRmTts0AB4nXDAUQI=",
      "dev": true,
      "requires": {
        "follow-redirects": "^1.3.0",
        "is-buffer": "^1.1.5"
      }
    },
    "babel-runtime": {
      "version": "6.26.0",
      "resolved": "https://registry.npmjs.org/babel-runtime/-/babel-runtime-6.26.0.tgz",
      "integrity": "sha1-llxwWGaOgrVde/4E/yM3vItWR/4=",
      "dev": true,
      "requires": {
        "core-js": "^2.4.0",
        "regenerator-runtime": "^0.11.0"
      },
      "dependencies": {
        "core-js": {
          "version": "2.5.1",
          "resolved": "https://registry.npmjs.org/core-js/-/core-js-2.5.1.tgz",
          "integrity": "sha1-rmh03GaTd4m4B1T/VCjfZoGcpQs=",
          "dev": true
        }
      }
    },
    "base64-js": {
      "version": "1.2.1",
      "resolved": "https://registry.npmjs.org/base64-js/-/base64-js-1.2.1.tgz",
      "integrity": "sha512-dwVUVIXsBZXwTuwnXI9RK8sBmgq09NDHzyR9SAph9eqk76gKK2JSQmZARC2zRC81JC2QTtxD0ARU5qTS25gIGw==",
      "dev": true
    },
    "bowser": {
      "version": "1.7.3",
      "resolved": "https://registry.npmjs.org/bowser/-/bowser-1.7.3.tgz",
      "integrity": "sha1-UEvbQxGMqNucu63yj9YPJlr5bk8=",
      "dev": true
    },
    "buffer": {
      "version": "5.0.7",
      "resolved": "https://registry.npmjs.org/buffer/-/buffer-5.0.7.tgz",
      "integrity": "sha512-NeeHXWh5pCbPQCt2/6rLvXqapZfVsqw/YgRgaHpT3H9Uzgs+S0lSg5SQzouIuDvcmlQRqBe8hOO2scKCu3cxrg==",
      "dev": true,
      "requires": {
        "base64-js": "^1.0.2",
        "ieee754": "^1.1.4"
      }
    },
    "chain-function": {
      "version": "1.0.0",
      "resolved": "https://registry.npmjs.org/chain-function/-/chain-function-1.0.0.tgz",
      "integrity": "sha1-DUqzfn4Y6tC9xHuSB2QRjOWHM9w=",
      "dev": true
    },
    "classnames": {
      "version": "2.2.5",
      "resolved": "https://registry.npmjs.org/classnames/-/classnames-2.2.5.tgz",
      "integrity": "sha1-+zgB1FNGdknvNgPH1hoCvRKb3m0=",
      "dev": true
    },
    "component-classes": {
      "version": "1.2.6",
      "resolved": "https://registry.npmjs.org/component-classes/-/component-classes-1.2.6.tgz",
      "integrity": "sha1-xkI5TDYYpNiwuJGe/Mu9kw5c1pE=",
      "dev": true,
      "requires": {
        "component-indexof": "0.0.3"
      }
    },
    "component-indexof": {
      "version": "0.0.3",
      "resolved": "https://registry.npmjs.org/component-indexof/-/component-indexof-0.0.3.tgz",
      "integrity": "sha1-EdCRMSI5648yyPJa6csAL/6NPCQ=",
      "dev": true
    },
    "core-js": {
      "version": "1.2.7",
      "resolved": "https://registry.npmjs.org/core-js/-/core-js-1.2.7.tgz",
      "integrity": "sha1-ZSKUwUZR2yj6k70tX/KYOk8IxjY=",
      "dev": true
    },
    "create-react-class": {
      "version": "15.6.2",
      "resolved": "https://registry.npmjs.org/create-react-class/-/create-react-class-15.6.2.tgz",
      "integrity": "sha1-zx7RXxKq1/FO9fLf4F5sQvke8Co=",
      "dev": true,
      "requires": {
        "fbjs": "^0.8.9",
        "loose-envify": "^1.3.1",
        "object-assign": "^4.1.1"
      }
    },
    "css-animation": {
      "version": "1.4.1",
      "resolved": "https://registry.npmjs.org/css-animation/-/css-animation-1.4.1.tgz",
      "integrity": "sha1-W4gTEl3g+7uwu+G0cq6EIhRpt6g=",
      "dev": true,
      "requires": {
        "babel-runtime": "6.x",
        "component-classes": "^1.2.5"
      }
    },
    "css-color-keywords": {
      "version": "1.0.0",
      "resolved": "https://registry.npmjs.org/css-color-keywords/-/css-color-keywords-1.0.0.tgz",
      "integrity": "sha1-/qJhbcZ2spYmhrOvjb2+GAskTgU=",
      "dev": true
    },
    "css-to-react-native": {
      "version": "2.0.4",
      "resolved": "https://registry.npmjs.org/css-to-react-native/-/css-to-react-native-2.0.4.tgz",
      "integrity": "sha1-z0zEB1WLNHTUuovhos07bOcTEBs=",
      "dev": true,
      "requires": {
        "css-color-keywords": "^1.0.0",
        "fbjs": "^0.8.5",
        "postcss-value-parser": "^3.3.0"
      }
    },
    "debug": {
      "version": "3.1.0",
      "resolved": "https://registry.npmjs.org/debug/-/debug-3.1.0.tgz",
      "integrity": "sha512-OX8XqP7/1a9cqkxYw2yXss15f26NKWBpDXQd0/uK/KPqdQhxbPa994hnzjcE2VqQpDslf55723cKPUOGSmMY3g==",
      "dev": true,
      "requires": {
        "ms": "2.0.0"
      }
    },
    "deep-equal": {
      "version": "1.0.1",
      "resolved": "https://registry.npmjs.org/deep-equal/-/deep-equal-1.0.1.tgz",
      "integrity": "sha1-9dJgKStmDghO/0zbyfCK0yR0SLU=",
      "dev": true
    },
    "dom-helpers": {
      "version": "3.2.1",
      "resolved": "https://registry.npmjs.org/dom-helpers/-/dom-helpers-3.2.1.tgz",
      "integrity": "sha1-MgPgf+0he9H0JLAZc1WC/Deyglo=",
      "dev": true
    },
    "encoding": {
      "version": "0.1.12",
      "resolved": "https://registry.npmjs.org/encoding/-/encoding-0.1.12.tgz",
      "integrity": "sha1-U4tm8+5izRq1HsMjgp0flIDHS+s=",
      "dev": true,
      "requires": {
        "iconv-lite": "~0.4.13"
      }
    },
    "exenv": {
      "version": "1.2.2",
      "resolved": "https://registry.npmjs.org/exenv/-/exenv-1.2.2.tgz",
      "integrity": "sha1-KueOhdmJQVhnCwPUe+wfA72Ru50=",
      "dev": true
    },
    "fbjs": {
      "version": "0.8.16",
      "resolved": "https://registry.npmjs.org/fbjs/-/fbjs-0.8.16.tgz",
      "integrity": "sha1-XmdDL1UNxBtXK/VYR7ispk5TN9s=",
      "dev": true,
      "requires": {
        "core-js": "^1.0.0",
        "isomorphic-fetch": "^2.1.1",
        "loose-envify": "^1.0.0",
        "object-assign": "^4.1.0",
        "promise": "^7.1.1",
        "setimmediate": "^1.0.5",
        "ua-parser-js": "^0.7.9"
      }
    },
    "follow-redirects": {
      "version": "1.5.1",
      "resolved": "https://registry.npmjs.org/follow-redirects/-/follow-redirects-1.5.1.tgz",
      "integrity": "sha512-v9GI1hpaqq1ZZR6pBD1+kI7O24PhDvNGNodjS3MdcEqyrahCp8zbtpv+2B/krUnSmUH80lbAS7MrdeK5IylgKg==",
      "dev": true,
      "requires": {
        "debug": "^3.1.0"
      }
    },
    "has-flag": {
      "version": "1.0.0",
      "resolved": "https://registry.npmjs.org/has-flag/-/has-flag-1.0.0.tgz",
      "integrity": "sha1-nZ55MWXOAXoA8AQYxD+UKnsdEfo=",
      "dev": true
    },
    "hoist-non-react-statics": {
      "version": "2.3.1",
      "resolved": "https://registry.npmjs.org/hoist-non-react-statics/-/hoist-non-react-statics-2.3.1.tgz",
      "integrity": "sha1-ND24TGAYxlB3iJgkATWhQg7iLOA=",
      "dev": true
    },
    "hyphenate-style-name": {
      "version": "1.0.2",
      "resolved": "https://registry.npmjs.org/hyphenate-style-name/-/hyphenate-style-name-1.0.2.tgz",
      "integrity": "sha1-MRYKNpMK2vH8BMYHT360FGXU7Es=",
      "dev": true
    },
    "iconv-lite": {
      "version": "0.4.19",
      "resolved": "https://registry.npmjs.org/iconv-lite/-/iconv-lite-0.4.19.tgz",
      "integrity": "sha512-oTZqweIP51xaGPI4uPa56/Pri/480R+mo7SeU+YETByQNhDG55ycFyNLIgta9vXhILrxXDmF7ZGhqZIcuN0gJQ==",
      "dev": true
    },
    "ieee754": {
      "version": "1.1.8",
      "resolved": "https://registry.npmjs.org/ieee754/-/ieee754-1.1.8.tgz",
      "integrity": "sha1-vjPUCsEO8ZJnAfbwii2G+/0a0+Q=",
      "dev": true
    },
    "inline-style-prefixer": {
      "version": "2.0.5",
      "resolved": "https://registry.npmjs.org/inline-style-prefixer/-/inline-style-prefixer-2.0.5.tgz",
      "integrity": "sha1-wVPH6I/YT+9cYC6VqBaLJ3BnH+c=",
      "dev": true,
      "requires": {
        "bowser": "^1.0.0",
        "hyphenate-style-name": "^1.0.1"
      }
    },
    "invariant": {
      "version": "2.2.2",
      "resolved": "https://registry.npmjs.org/invariant/-/invariant-2.2.2.tgz",
      "integrity": "sha1-nh9WrArNtr8wMwbzOL47IErmA2A=",
      "dev": true,
      "requires": {
        "loose-envify": "^1.0.0"
      }
    },
    "is-buffer": {
      "version": "1.1.6",
      "resolved": "https://registry.npmjs.org/is-buffer/-/is-buffer-1.1.6.tgz",
      "integrity": "sha512-NcdALwpXkTm5Zvvbk7owOUSvVvBKDgKP5/ewfXEznmQFfs4ZRmanOeKBTjRVjka3QFoN6XJ+9F3USqfHqTaU5w==",
      "dev": true
    },
    "is-function": {
      "version": "1.0.1",
      "resolved": "https://registry.npmjs.org/is-function/-/is-function-1.0.1.tgz",
      "integrity": "sha1-Es+5i2W1fdPRk6MSH19uL0N2ArU=",
      "dev": true
    },
    "is-plain-object": {
      "version": "2.0.4",
      "resolved": "https://registry.npmjs.org/is-plain-object/-/is-plain-object-2.0.4.tgz",
      "integrity": "sha512-h5PpgXkWitc38BBMYawTYMWJHFZJVnBquFE57xFpjB8pJFiF6gZ+bU+WyI/yqXiFR5mdLsgYNaPe8uao6Uv9Og==",
      "dev": true,
      "requires": {
        "isobject": "^3.0.1"
      }
    },
    "is-stream": {
      "version": "1.1.0",
      "resolved": "https://registry.npmjs.org/is-stream/-/is-stream-1.1.0.tgz",
      "integrity": "sha1-EtSj3U5o4Lec6428hBc66A2RykQ=",
      "dev": true
    },
    "isobject": {
      "version": "3.0.1",
      "resolved": "https://registry.npmjs.org/isobject/-/isobject-3.0.1.tgz",
      "integrity": "sha1-TkMekrEalzFjaqH5yNHMvP2reN8=",
      "dev": true
    },
    "isomorphic-fetch": {
      "version": "2.2.1",
      "resolved": "https://registry.npmjs.org/isomorphic-fetch/-/isomorphic-fetch-2.2.1.tgz",
      "integrity": "sha1-YRrhrPFPXoH3KVB0coGf6XM1WKk=",
      "dev": true,
      "requires": {
        "node-fetch": "^1.0.1",
        "whatwg-fetch": ">=0.10.0"
      }
    },
    "jquery": {
      "version": "3.3.1",
      "resolved": "https://registry.npmjs.org/jquery/-/jquery-3.3.1.tgz",
      "integrity": "sha512-Ubldcmxp5np52/ENotGxlLe6aGMvmF4R8S6tZjsP6Knsaxd/xp3Zrh50cG93lR6nPXyUFwzN3ZSOQI0wRJNdGg==",
      "dev": true
    },
    "js-tokens": {
      "version": "3.0.2",
      "resolved": "https://registry.npmjs.org/js-tokens/-/js-tokens-3.0.2.tgz",
      "integrity": "sha1-mGbfOVECEw449/mWvOtlRDIJwls=",
      "dev": true
    },
    "js-tree": {
      "version": "2.0.1",
      "resolved": "https://registry.npmjs.org/js-tree/-/js-tree-2.0.1.tgz",
      "integrity": "sha512-otG8ZDEQP9PW+80nyXcrsJYB0Mj6vMy673u0/oYqyOZhIBrniOnR3pyL9D0FIDzpZGCaiGbspgkBHZeJinR1PQ==",
      "dev": true
    },
    "lodash": {
      "version": "4.17.4",
      "resolved": "https://registry.npmjs.org/lodash/-/lodash-4.17.4.tgz",
      "integrity": "sha1-eCA6TRwyiuHYbcpkYONptX9AVa4=",
      "dev": true
    },
    "lodash-es": {
      "version": "4.17.4",
      "resolved": "https://registry.npmjs.org/lodash-es/-/lodash-es-4.17.4.tgz",
      "integrity": "sha1-3MHXVS4VCgZABzupyzHXDwMpUOc=",
      "dev": true
    },
    "lodash._getnative": {
      "version": "3.9.1",
      "resolved": "https://registry.npmjs.org/lodash._getnative/-/lodash._getnative-3.9.1.tgz",
      "integrity": "sha1-VwvH3t5G1hzc3mh9ZdPuy6o6r/U=",
      "dev": true
    },
    "lodash.isarguments": {
      "version": "3.1.0",
      "resolved": "https://registry.npmjs.org/lodash.isarguments/-/lodash.isarguments-3.1.0.tgz",
      "integrity": "sha1-L1c9hcaiQon/AGY7SRwdM4/zRYo=",
      "dev": true
    },
    "lodash.isarray": {
      "version": "3.0.4",
      "resolved": "https://registry.npmjs.org/lodash.isarray/-/lodash.isarray-3.0.4.tgz",
      "integrity": "sha1-eeTriMNqgSKvhvhEqpvNhRtfu1U=",
      "dev": true
    },
    "lodash.keys": {
      "version": "3.1.2",
      "resolved": "https://registry.npmjs.org/lodash.keys/-/lodash.keys-3.1.2.tgz",
      "integrity": "sha1-TbwEcrFWvlCgsoaFXRvQsMZWCYo=",
      "dev": true,
      "requires": {
        "lodash._getnative": "^3.0.0",
        "lodash.isarguments": "^3.0.0",
        "lodash.isarray": "^3.0.0"
      }
    },
    "loose-envify": {
      "version": "1.3.1",
      "resolved": "https://registry.npmjs.org/loose-envify/-/loose-envify-1.3.1.tgz",
      "integrity": "sha1-0aitM/qc4OcT1l/dCsi3SNR4yEg=",
      "dev": true,
      "requires": {
        "js-tokens": "^3.0.0"
      }
    },
    "ms": {
      "version": "2.0.0",
      "resolved": "https://registry.npmjs.org/ms/-/ms-2.0.0.tgz",
      "integrity": "sha1-VgiurfwAvmwpAd9fmGF4jeDVl8g=",
      "dev": true
    },
    "node-fetch": {
      "version": "1.7.3",
      "resolved": "https://registry.npmjs.org/node-fetch/-/node-fetch-1.7.3.tgz",
      "integrity": "sha512-NhZ4CsKx7cYm2vSrBAr2PvFOe6sWDf0UYLRqA6svUYg7+/TSfVAu49jYC4BvQ4Sms9SZgdqGBgroqfDhJdTyKQ==",
      "dev": true,
      "requires": {
        "encoding": "^0.1.11",
        "is-stream": "^1.0.1"
      }
    },
    "object-assign": {
      "version": "4.1.1",
      "resolved": "https://registry.npmjs.org/object-assign/-/object-assign-4.1.1.tgz",
      "integrity": "sha1-IQmtx5ZYh8/AXLvUQsrIv7s2CGM=",
      "dev": true
    },
    "postcss-value-parser": {
      "version": "3.3.0",
      "resolved": "https://registry.npmjs.org/postcss-value-parser/-/postcss-value-parser-3.3.0.tgz",
      "integrity": "sha1-h/OPnxj3dKSrTIojL1xc6IcqnRU=",
      "dev": true
    },
    "promise": {
      "version": "7.3.1",
      "resolved": "https://registry.npmjs.org/promise/-/promise-7.3.1.tgz",
      "integrity": "sha512-nolQXZ/4L+bP/UGlkfaIujX9BKxGwmQ9OT4mOt5yvy8iK1h3wqTEJCijzGANTCCl9nWjY41juyAn2K3Q1hLLTg==",
      "dev": true,
      "requires": {
        "asap": "~2.0.3"
      }
    },
    "prop-types": {
      "version": "15.6.0",
      "resolved": "https://registry.npmjs.org/prop-types/-/prop-types-15.6.0.tgz",
      "integrity": "sha1-zq8IMCL8RrSjX2nhPvda7Q1jmFY=",
      "dev": true,
      "requires": {
        "fbjs": "^0.8.16",
        "loose-envify": "^1.3.1",
        "object-assign": "^4.1.1"
      }
    },
    "radium": {
      "version": "0.19.4",
      "resolved": "https://registry.npmjs.org/radium/-/radium-0.19.4.tgz",
      "integrity": "sha1-VqpJ/eYYHS9eH6V7RxD/0MI96CA=",
      "dev": true,
      "requires": {
        "array-find": "^1.0.0",
        "exenv": "^1.2.1",
        "inline-style-prefixer": "^2.0.5",
        "prop-types": "^15.5.8"
      }
    },
    "rc-animate": {
      "version": "2.4.1",
      "resolved": "https://registry.npmjs.org/rc-animate/-/rc-animate-2.4.1.tgz",
      "integrity": "sha512-hixobyAvDv0Oz4gHPOh67K4ck5Rz3JBBojBuKzYcu4b8JKMIiJxym83DfkkkYxXEEx/rwGf0mU0Dno/lbWghIQ==",
      "dev": true,
      "requires": {
        "babel-runtime": "6.x",
        "css-animation": "^1.3.2",
        "prop-types": "15.x"
      }
    },
    "rc-tree": {
      "version": "1.7.7",
      "resolved": "https://registry.npmjs.org/rc-tree/-/rc-tree-1.7.7.tgz",
      "integrity": "sha512-wJhG4KvYX3tFhL67cHyysnfsD4C8bcLO3o9hpPoqCWU6AfXhbKBqINsQ4LixeQdgqtwAo2w37UqAMvoDleeUog==",
      "dev": true,
      "requires": {
        "babel-runtime": "^6.23.0",
        "classnames": "2.x",
        "prop-types": "^15.5.8",
        "rc-animate": "2.x",
        "rc-util": "^4.0.4",
        "warning": "^3.0.0"
      }
    },
    "rc-util": {
      "version": "4.1.0",
      "resolved": "https://registry.npmjs.org/rc-util/-/rc-util-4.1.0.tgz",
      "integrity": "sha512-PblLT/CoJn0w8lcYd7JeGnKba9dkdPtLOaFL8vYapxFLAj3VQl1cGf/nyNm3PAI8a+XatM0f3r8VJTOC52Q1ig==",
      "dev": true,
      "requires": {
        "add-dom-event-listener": "1.x",
        "babel-runtime": "6.x",
        "prop-types": "^15.5.10",
        "shallowequal": "^0.2.2"
      }
    },
    "react": {
      "version": "15.6.2",
      "resolved": "https://registry.npmjs.org/react/-/react-15.6.2.tgz",
      "integrity": "sha1-26BDSrQ5z+gvEI8PURZjkIF5qnI=",
      "dev": true,
      "requires": {
        "create-react-class": "^15.6.0",
        "fbjs": "^0.8.9",
        "loose-envify": "^1.1.0",
        "object-assign": "^4.1.0",
        "prop-types": "^15.5.10"
      }
    },
    "react-dom": {
      "version": "15.6.2",
      "resolved": "https://registry.npmjs.org/react-dom/-/react-dom-15.6.2.tgz",
      "integrity": "sha1-Qc+t9pO3V/rycIRDodH9WgK+9zA=",
      "dev": true,
      "requires": {
        "fbjs": "^0.8.9",
        "loose-envify": "^1.1.0",
        "object-assign": "^4.1.0",
        "prop-types": "^15.5.10"
      }
    },
    "react-redux": {
      "version": "5.0.6",
      "resolved": "https://registry.npmjs.org/react-redux/-/react-redux-5.0.6.tgz",
      "integrity": "sha512-8taaaGu+J7PMJQDJrk/xiWEYQmdo3mkXw6wPr3K3LxvXis3Fymiq7c13S+Tpls/AyNUAsoONkU81AP0RA6y6Vw==",
      "dev": true,
      "requires": {
        "hoist-non-react-statics": "^2.2.1",
        "invariant": "^2.0.0",
        "lodash": "^4.2.0",
        "lodash-es": "^4.2.0",
        "loose-envify": "^1.1.0",
        "prop-types": "^15.5.10"
      }
    },
    "react-transition-group": {
      "version": "1.2.0",
      "resolved": "https://registry.npmjs.org/react-transition-group/-/react-transition-group-1.2.0.tgz",
      "integrity": "sha1-tR/JIbDDg1p+98Vxx5/ILHPpIE8=",
      "dev": true,
      "requires": {
        "chain-function": "^1.0.0",
        "dom-helpers": "^3.2.0",
        "loose-envify": "^1.3.1",
        "prop-types": "^15.5.6",
        "warning": "^3.0.0"
      }
    },
    "react-treebeard": {
      "version": "2.0.3",
      "resolved": "https://registry.npmjs.org/react-treebeard/-/react-treebeard-2.0.3.tgz",
      "integrity": "sha512-fqSmx0RPuUxvG5kQantyW89HnOCjz6e53o3AajuaXSVWL8O8tXNUCoSdxaO6xScXpujIV+iVaYUGBpOm5Pdhiw==",
      "dev": true,
      "requires": {
        "babel-runtime": "^6.23.0",
        "deep-equal": "^1.0.1",
        "prop-types": "^15.5.8",
        "radium": "^0.19.0",
        "shallowequal": "^0.2.2",
        "velocity-react": "^1.3.1"
      }
    },
    "react-treeview": {
      "version": "0.4.7",
      "resolved": "https://registry.npmjs.org/react-treeview/-/react-treeview-0.4.7.tgz",
      "integrity": "sha1-9kfgT3BJbrEfsJEsNRh+gOtg1Fg=",
      "dev": true,
      "requires": {
        "prop-types": "^15.5.8"
      }
    },
    "react-ui-tree": {
      "version": "3.1.0",
      "resolved": "https://registry.npmjs.org/react-ui-tree/-/react-ui-tree-3.1.0.tgz",
      "integrity": "sha512-2DhLCHx6+VRRev/fdDkSuzdoKoDkku55LG8Anjd7vc7Q+J4yWDNxRGKkD1I0fOSBuDhrib8ae4T5skOHU4E43g==",
      "dev": true,
      "requires": {
        "classnames": "^2.2.5",
        "js-tree": "^2.0.1",
        "prop-types": "^15.5.10"
      }
    },
    "redux": {
      "version": "3.7.2",
      "resolved": "https://registry.npmjs.org/redux/-/redux-3.7.2.tgz",
      "integrity": "sha512-pNqnf9q1hI5HHZRBkj3bAngGZW/JMCmexDlOxw4XagXY2o1327nHH54LoTjiPJ0gizoqPDRqWyX/00g0hD6w+A==",
      "dev": true,
      "requires": {
        "lodash": "^4.2.1",
        "lodash-es": "^4.2.1",
        "loose-envify": "^1.1.0",
        "symbol-observable": "^1.0.3"
      }
    },
    "redux-thunk": {
      "version": "2.2.0",
      "resolved": "https://registry.npmjs.org/redux-thunk/-/redux-thunk-2.2.0.tgz",
      "integrity": "sha1-5hWhbha0ehmlFXZhM9Hj6Zt4UuU=",
      "dev": true
    },
    "regenerator-runtime": {
      "version": "0.11.0",
      "resolved": "https://registry.npmjs.org/regenerator-runtime/-/regenerator-runtime-0.11.0.tgz",
      "integrity": "sha512-/aA0kLeRb5N9K0d4fw7ooEbI+xDe+DKD499EQqygGqeS8N3xto15p09uY2xj7ixP81sNPXvRLnAQIqdVStgb1A==",
      "dev": true
    },
    "semantic-ui-css": {
      "version": "2.3.3",
      "resolved": "https://registry.npmjs.org/semantic-ui-css/-/semantic-ui-css-2.3.3.tgz",
      "integrity": "sha512-/UDs+a07LdxmYgVNqkbW9x5Gil1Dt4HnVq4LrHKKUAD/DUDh0fnwmCxbQFyKKD+YsVDQWFqftyVbYKlClBFLDw==",
      "dev": true,
      "requires": {
        "jquery": "x.*"
      }
    },
    "setimmediate": {
      "version": "1.0.5",
      "resolved": "https://registry.npmjs.org/setimmediate/-/setimmediate-1.0.5.tgz",
      "integrity": "sha1-KQy7Iy4waULX1+qbg3Mqt4VvgoU=",
      "dev": true
    },
    "shallowequal": {
      "version": "0.2.2",
      "resolved": "https://registry.npmjs.org/shallowequal/-/shallowequal-0.2.2.tgz",
      "integrity": "sha1-HjL9W8q2rWiKSBLLDMBO/HXHAU4=",
      "dev": true,
      "requires": {
        "lodash.keys": "^3.1.2"
      }
    },
    "styled-components": {
      "version": "2.2.0",
      "resolved": "https://registry.npmjs.org/styled-components/-/styled-components-2.2.0.tgz",
      "integrity": "sha512-M71FQu0onmVAYbnzGViECYURLufP7iCEyDxm6bzL4UvEPtbHFHPC0jB7xxXwx6aWIh2iRDZT0TWWac+zEbM91w==",
      "dev": true,
      "requires": {
        "buffer": "^5.0.3",
        "css-to-react-native": "^2.0.3",
        "fbjs": "^0.8.9",
        "hoist-non-react-statics": "^1.2.0",
        "is-function": "^1.0.1",
        "is-plain-object": "^2.0.1",
        "prop-types": "^15.5.4",
        "stylis": "^3.2.1",
        "supports-color": "^3.2.3"
      },
      "dependencies": {
        "hoist-non-react-statics": {
          "version": "1.2.0",
          "resolved": "https://registry.npmjs.org/hoist-non-react-statics/-/hoist-non-react-statics-1.2.0.tgz",
          "integrity": "sha1-qkSM8JhtVcxAdzsXF0t90GbLfPs=",
          "dev": true
        },
        "supports-color": {
          "version": "3.2.3",
          "resolved": "https://registry.npmjs.org/supports-color/-/supports-color-3.2.3.tgz",
          "integrity": "sha1-ZawFBLOVQXHYpklGsq48u4pfVPY=",
          "dev": true,
          "requires": {
            "has-flag": "^1.0.0"
          }
        }
      }
    },
    "stylis": {
      "version": "3.2.18",
      "resolved": "https://registry.npmjs.org/stylis/-/stylis-3.2.18.tgz",
      "integrity": "sha512-Zd5jC5rqBLp0xoq/m7r2tYsJNIIikN6mTbfrD7qfvwOzbUOk16nI7U/rrJ/dkLiVnSMGxGcsW5R4DQhW8kt0eA==",
      "dev": true
    },
    "symbol-observable": {
      "version": "1.0.4",
      "resolved": "https://registry.npmjs.org/symbol-observable/-/symbol-observable-1.0.4.tgz",
      "integrity": "sha1-Kb9hXUqnEhvdiYsi1LP5vE4qoD0=",
      "dev": true
    },
    "typescript": {
      "version": "2.9.2",
      "resolved": "https://registry.npmjs.org/typescript/-/typescript-2.9.2.tgz",
      "integrity": "sha512-Gr4p6nFNaoufRIY4NMdpQRNmgxVIGMs4Fcu/ujdYk3nAZqk7supzBE9idmvfZIlH/Cuj//dvi+019qEue9lV0w==",
      "dev": true
    },
    "ua-parser-js": {
      "version": "0.7.14",
      "resolved": "https://registry.npmjs.org/ua-parser-js/-/ua-parser-js-0.7.14.tgz",
      "integrity": "sha1-EQ1T+kw/MmwSEpK76skE0uAzh8o=",
      "dev": true
    },
    "velocity-animate": {
      "version": "1.5.0",
      "resolved": "https://registry.npmjs.org/velocity-animate/-/velocity-animate-1.5.0.tgz",
      "integrity": "sha1-/Idx2N/hE2/wKnB+EPuwlXxLAw8=",
      "dev": true
    },
    "velocity-react": {
      "version": "1.3.3",
      "resolved": "https://registry.npmjs.org/velocity-react/-/velocity-react-1.3.3.tgz",
      "integrity": "sha1-1tRyds/Ivip1Yjh5sgFArFjBuCs=",
      "dev": true,
      "requires": {
        "lodash": "^3.10.1",
        "prop-types": "^15.5.8",
        "react-transition-group": "^1.1.2",
        "velocity-animate": "^1.4.0"
      },
      "dependencies": {
        "lodash": {
          "version": "3.10.1",
          "resolved": "https://registry.npmjs.org/lodash/-/lodash-3.10.1.tgz",
          "integrity": "sha1-W/Rejkm6QYnhfUgnid/RW9FAt7Y=",
          "dev": true
        }
      }
    },
    "warning": {
      "version": "3.0.0",
      "resolved": "https://registry.npmjs.org/warning/-/warning-3.0.0.tgz",
      "integrity": "sha1-MuU3fLVy3kqwR1O9+IIcAe1gW3w=",
      "dev": true,
      "requires": {
        "loose-envify": "^1.0.0"
      }
    },
    "whatwg-fetch": {
      "version": "2.0.3",
      "resolved": "https://registry.npmjs.org/whatwg-fetch/-/whatwg-fetch-2.0.3.tgz",
      "integrity": "sha1-nITsLc9oGH/wC8ZOEnS0QhduHIQ=",
      "dev": true
    }
  }
}
